
Microsoft Visual Studio Solution File, Format Version 12.00
# Visual Studio Version 16
VisualStudioVersion = 16.0.31205.134
MinimumVisualStudioVersion = 10.0.40219.1
Project("{FAE04EC0-301F-11D3-BF4B-00C04F79EFBC}") = "Splash_Screen", "Splash_Screen\Splash_Screen.csproj", "{F1D7BEAB-E0AB-4F30-987D-C8CB8394C603}"
EndProject
Global
	GlobalSection(SolutionConfigurationPlatforms) = preSolution
		Debug|Any CPU = Debug|Any CPU
		Release|Any CPU = Release|Any CPU
	EndGlobalSection
	GlobalSection(ProjectConfigurationPlatforms) = postSolution
		{F1D7BEAB-E0AB-4F30-987D-C8CB8394C603}.Debug|Any CPU.ActiveCfg = Debug|Any CPU
		{F1D7BEAB-E0AB-4F30-987D-C8CB8394C603}.Debug|Any CPU.Build.0 = Debug|Any CPU
		{F1D7BEAB-E0AB-4F30-987D-C8CB8394C603}.Release|Any CPU.ActiveCfg = Release|Any CPU
		{F1D7BEAB-E0AB-4F30-987D-C8CB8394C603}.Release|Any CPU.Build.0 = Release|Any CPU
	EndGlobalSection
	GlobalSection(SolutionProperties) = preSolution
		HideSolutionNode = FALSE
	EndGlobalSection
	GlobalSection(ExtensibilityGlobals) = postSolution
		SolutionGuid = {7F1C8817-A894-4617-8C38-3FDDF4873D1B}
	EndGlobalSection
EndGlobal
